
Microsoft Visual Studio Solution File, Format Version 12.00
# Visual Studio Version 17
VisualStudioVersion = 17.3.32901.215
MinimumVisualStudioVersion = 10.0.40219.1
Project("{FAE04EC0-301F-11D3-BF4B-00C04F79EFBC}") = "Skyrim", "Skyrim.csproj", "{23903F60-E112-415F-9461-B140B01EE08A}"
EndProject
Global
	GlobalSection(SolutionConfigurationPlatforms) = preSolution
		Debug|Any CPU = Debug|Any CPU
		Release|Any CPU = Release|Any CPU
	EndGlobalSection
	GlobalSection(ProjectConfigurationPlatforms) = postSolution
		{23903F60-E112-415F-9461-B140B01EE08A}.Debug|Any CPU.ActiveCfg = Debug|Any CPU
		{23903F60-E112-415F-9461-B140B01EE08A}.Debug|Any CPU.Build.0 = Debug|Any CPU
		{23903F60-E112-415F-9461-B140B01EE08A}.Release|Any CPU.ActiveCfg = Release|Any CPU
		{23903F60-E112-415F-9461-B140B01EE08A}.Release|Any CPU.Build.0 = Release|Any CPU
	EndGlobalSection
	GlobalSection(SolutionProperties) = preSolution
		HideSolutionNode = FALSE
	EndGlobalSection
	GlobalSection(ExtensibilityGlobals) = postSolution
		SolutionGuid = {A683C378-C478-48E7-9CA8-90CB741722EF}
	EndGlobalSection
EndGlobal
